
Microsoft Visual Studio Solution File, Format Version 12.00
# Visual Studio 15
VisualStudioVersion = 15.0.26124.0
MinimumVisualStudioVersion = 15.0.26124.0
Project("{FAE04EC0-301F-11D3-BF4B-00C04F79EFBC}") = "mydev.SampleProject.WebApi", "mydev.SampleProject.WebApi\mydev.SampleProject.WebApi.csproj", "{7AD61F47-4D15-4EB1-A32D-0DA51D7FACB2}"
EndProject
Project("{FAE04EC0-301F-11D3-BF4B-00C04F79EFBC}") = "mydev.SampleProject.WebApiClient.Tests", "mydev.SampleProject.WebApiClient.Tests\mydev.SampleProject.WebApiClient.Tests.csproj", "{C504AFFF-66B2-43E4-B77A-936F61987AFB}"
EndProject
Project("{FAE04EC0-301F-11D3-BF4B-00C04F79EFBC}") = "mydev.SampleProject.WebApi.Tests", "mydev.SampleProject.WebApi.Tests\mydev.SampleProject.WebApi.Tests.csproj", "{ACFD56F1-EC9F-4626-831C-87658E4C38C1}"
EndProject
Project("{FAE04EC0-301F-11D3-BF4B-00C04F79EFBC}") = "mydev.SampleProject.WebApiClient", "mydev.SampleProject.WebApiClient\mydev.SampleProject.WebApiClient.csproj", "{97FD4ED2-C8C3-4B12-8670-CE3D0251D701}"
EndProject
Global
	GlobalSection(SolutionConfigurationPlatforms) = preSolution
		Debug|Any CPU = Debug|Any CPU
		Debug|x64 = Debug|x64
		Debug|x86 = Debug|x86
		Release|Any CPU = Release|Any CPU
		Release|x64 = Release|x64
		Release|x86 = Release|x86
	EndGlobalSection
	GlobalSection(SolutionProperties) = preSolution
		HideSolutionNode = FALSE
	EndGlobalSection
	GlobalSection(ProjectConfigurationPlatforms) = postSolution
		{7AD61F47-4D15-4EB1-A32D-0DA51D7FACB2}.Debug|Any CPU.ActiveCfg = Debug|Any CPU
		{7AD61F47-4D15-4EB1-A32D-0DA51D7FACB2}.Debug|Any CPU.Build.0 = Debug|Any CPU
		{7AD61F47-4D15-4EB1-A32D-0DA51D7FACB2}.Debug|x64.ActiveCfg = Debug|Any CPU
		{7AD61F47-4D15-4EB1-A32D-0DA51D7FACB2}.Debug|x64.Build.0 = Debug|Any CPU
		{7AD61F47-4D15-4EB1-A32D-0DA51D7FACB2}.Debug|x86.ActiveCfg = Debug|Any CPU
		{7AD61F47-4D15-4EB1-A32D-0DA51D7FACB2}.Debug|x86.Build.0 = Debug|Any CPU
		{7AD61F47-4D15-4EB1-A32D-0DA51D7FACB2}.Release|Any CPU.ActiveCfg = Release|Any CPU
		{7AD61F47-4D15-4EB1-A32D-0DA51D7FACB2}.Release|Any CPU.Build.0 = Release|Any CPU
		{7AD61F47-4D15-4EB1-A32D-0DA51D7FACB2}.Release|x64.ActiveCfg = Release|Any CPU
		{7AD61F47-4D15-4EB1-A32D-0DA51D7FACB2}.Release|x64.Build.0 = Release|Any CPU
		{7AD61F47-4D15-4EB1-A32D-0DA51D7FACB2}.Release|x86.ActiveCfg = Release|Any CPU
		{7AD61F47-4D15-4EB1-A32D-0DA51D7FACB2}.Release|x86.Build.0 = Release|Any CPU
		{C504AFFF-66B2-43E4-B77A-936F61987AFB}.Debug|Any CPU.ActiveCfg = Debug|Any CPU
		{C504AFFF-66B2-43E4-B77A-936F61987AFB}.Debug|Any CPU.Build.0 = Debug|Any CPU
		{C504AFFF-66B2-43E4-B77A-936F61987AFB}.Debug|x64.ActiveCfg = Debug|Any CPU
		{C504AFFF-66B2-43E4-B77A-936F61987AFB}.Debug|x64.Build.0 = Debug|Any CPU
		{C504AFFF-66B2-43E4-B77A-936F61987AFB}.Debug|x86.ActiveCfg = Debug|Any CPU
		{C504AFFF-66B2-43E4-B77A-936F61987AFB}.Debug|x86.Build.0 = Debug|Any CPU
		{C504AFFF-66B2-43E4-B77A-936F61987AFB}.Release|Any CPU.ActiveCfg = Release|Any CPU
		{C504AFFF-66B2-43E4-B77A-936F61987AFB}.Release|Any CPU.Build.0 = Release|Any CPU
		{C504AFFF-66B2-43E4-B77A-936F61987AFB}.Release|x64.ActiveCfg = Release|Any CPU
		{C504AFFF-66B2-43E4-B77A-936F61987AFB}.Release|x64.Build.0 = Release|Any CPU
		{C504AFFF-66B2-43E4-B77A-936F61987AFB}.Release|x86.ActiveCfg = Release|Any CPU
		{C504AFFF-66B2-43E4-B77A-936F61987AFB}.Release|x86.Build.0 = Release|Any CPU
		{ACFD56F1-EC9F-4626-831C-87658E4C38C1}.Debug|Any CPU.ActiveCfg = Debug|Any CPU
		{ACFD56F1-EC9F-4626-831C-87658E4C38C1}.Debug|Any CPU.Build.0 = Debug|Any CPU
		{ACFD56F1-EC9F-4626-831C-87658E4C38C1}.Debug|x64.ActiveCfg = Debug|Any CPU
		{ACFD56F1-EC9F-4626-831C-87658E4C38C1}.Debug|x64.Build.0 = Debug|Any CPU
		{ACFD56F1-EC9F-4626-831C-87658E4C38C1}.Debug|x86.ActiveCfg = Debug|Any CPU
		{ACFD56F1-EC9F-4626-831C-87658E4C38C1}.Debug|x86.Build.0 = Debug|Any CPU
		{ACFD56F1-EC9F-4626-831C-87658E4C38C1}.Release|Any CPU.ActiveCfg = Release|Any CPU
		{ACFD56F1-EC9F-4626-831C-87658E4C38C1}.Release|Any CPU.Build.0 = Release|Any CPU
		{ACFD56F1-EC9F-4626-831C-87658E4C38C1}.Release|x64.ActiveCfg = Release|Any CPU
		{ACFD56F1-EC9F-4626-831C-87658E4C38C1}.Release|x64.Build.0 = Release|Any CPU
		{ACFD56F1-EC9F-4626-831C-87658E4C38C1}.Release|x86.ActiveCfg = Release|Any CPU
		{ACFD56F1-EC9F-4626-831C-87658E4C38C1}.Release|x86.Build.0 = Release|Any CPU
		{97FD4ED2-C8C3-4B12-8670-CE3D0251D701}.Debug|Any CPU.ActiveCfg = Debug|Any CPU
		{97FD4ED2-C8C3-4B12-8670-CE3D0251D701}.Debug|Any CPU.Build.0 = Debug|Any CPU
		{97FD4ED2-C8C3-4B12-8670-CE3D0251D701}.Debug|x64.ActiveCfg = Debug|Any CPU
		{97FD4ED2-C8C3-4B12-8670-CE3D0251D701}.Debug|x64.Build.0 = Debug|Any CPU
		{97FD4ED2-C8C3-4B12-8670-CE3D0251D701}.Debug|x86.ActiveCfg = Debug|Any CPU
		{97FD4ED2-C8C3-4B12-8670-CE3D0251D701}.Debug|x86.Build.0 = Debug|Any CPU
		{97FD4ED2-C8C3-4B12-8670-CE3D0251D701}.Release|Any CPU.ActiveCfg = Release|Any CPU
		{97FD4ED2-C8C3-4B12-8670-CE3D0251D701}.Release|Any CPU.Build.0 = Release|Any CPU
		{97FD4ED2-C8C3-4B12-8670-CE3D0251D701}.Release|x64.ActiveCfg = Release|Any CPU
		{97FD4ED2-C8C3-4B12-8670-CE3D0251D701}.Release|x64.Build.0 = Release|Any CPU
		{97FD4ED2-C8C3-4B12-8670-CE3D0251D701}.Release|x86.ActiveCfg = Release|Any CPU
		{97FD4ED2-C8C3-4B12-8670-CE3D0251D701}.Release|x86.Build.0 = Release|Any CPU
	EndGlobalSection
EndGlobal
