
Microsoft Visual Studio Solution File, Format Version 12.00
# Visual Studio 15
VisualStudioVersion = 15.0.26124.0
MinimumVisualStudioVersion = 15.0.26124.0
Project("{FAE04EC0-301F-11D3-BF4B-00C04F79EFBC}") = "mydev.Algos.Runner", "mydev.Algos.Runner\mydev.Algos.Runner.csproj", "{028EA6E1-5A0C-41AB-882E-A8087BC155FA}"
EndProject
Project("{FAE04EC0-301F-11D3-BF4B-00C04F79EFBC}") = "mydev.Algos.Contracts", "mydev.Algos.Contracts\mydev.Algos.Contracts.csproj", "{026B481D-A544-4227-88A0-8FFB8D6AEA72}"
EndProject
Project("{FAE04EC0-301F-11D3-BF4B-00C04F79EFBC}") = "mydev.Algos.BinaryTree", "mydev.Algos.BinaryTree\mydev.Algos.BinaryTree.csproj", "{FD1A4426-7EE2-4205-B462-5E109C449B30}"
EndProject
Global
	GlobalSection(SolutionConfigurationPlatforms) = preSolution
		Debug|Any CPU = Debug|Any CPU
		Debug|x64 = Debug|x64
		Debug|x86 = Debug|x86
		Release|Any CPU = Release|Any CPU
		Release|x64 = Release|x64
		Release|x86 = Release|x86
	EndGlobalSection
	GlobalSection(SolutionProperties) = preSolution
		HideSolutionNode = FALSE
	EndGlobalSection
	GlobalSection(ProjectConfigurationPlatforms) = postSolution
		{028EA6E1-5A0C-41AB-882E-A8087BC155FA}.Debug|Any CPU.ActiveCfg = Debug|Any CPU
		{028EA6E1-5A0C-41AB-882E-A8087BC155FA}.Debug|Any CPU.Build.0 = Debug|Any CPU
		{028EA6E1-5A0C-41AB-882E-A8087BC155FA}.Debug|x64.ActiveCfg = Debug|Any CPU
		{028EA6E1-5A0C-41AB-882E-A8087BC155FA}.Debug|x64.Build.0 = Debug|Any CPU
		{028EA6E1-5A0C-41AB-882E-A8087BC155FA}.Debug|x86.ActiveCfg = Debug|Any CPU
		{028EA6E1-5A0C-41AB-882E-A8087BC155FA}.Debug|x86.Build.0 = Debug|Any CPU
		{028EA6E1-5A0C-41AB-882E-A8087BC155FA}.Release|Any CPU.ActiveCfg = Release|Any CPU
		{028EA6E1-5A0C-41AB-882E-A8087BC155FA}.Release|Any CPU.Build.0 = Release|Any CPU
		{028EA6E1-5A0C-41AB-882E-A8087BC155FA}.Release|x64.ActiveCfg = Release|Any CPU
		{028EA6E1-5A0C-41AB-882E-A8087BC155FA}.Release|x64.Build.0 = Release|Any CPU
		{028EA6E1-5A0C-41AB-882E-A8087BC155FA}.Release|x86.ActiveCfg = Release|Any CPU
		{028EA6E1-5A0C-41AB-882E-A8087BC155FA}.Release|x86.Build.0 = Release|Any CPU
		{026B481D-A544-4227-88A0-8FFB8D6AEA72}.Debug|Any CPU.ActiveCfg = Debug|Any CPU
		{026B481D-A544-4227-88A0-8FFB8D6AEA72}.Debug|Any CPU.Build.0 = Debug|Any CPU
		{026B481D-A544-4227-88A0-8FFB8D6AEA72}.Debug|x64.ActiveCfg = Debug|Any CPU
		{026B481D-A544-4227-88A0-8FFB8D6AEA72}.Debug|x64.Build.0 = Debug|Any CPU
		{026B481D-A544-4227-88A0-8FFB8D6AEA72}.Debug|x86.ActiveCfg = Debug|Any CPU
		{026B481D-A544-4227-88A0-8FFB8D6AEA72}.Debug|x86.Build.0 = Debug|Any CPU
		{026B481D-A544-4227-88A0-8FFB8D6AEA72}.Release|Any CPU.ActiveCfg = Release|Any CPU
		{026B481D-A544-4227-88A0-8FFB8D6AEA72}.Release|Any CPU.Build.0 = Release|Any CPU
		{026B481D-A544-4227-88A0-8FFB8D6AEA72}.Release|x64.ActiveCfg = Release|Any CPU
		{026B481D-A544-4227-88A0-8FFB8D6AEA72}.Release|x64.Build.0 = Release|Any CPU
		{026B481D-A544-4227-88A0-8FFB8D6AEA72}.Release|x86.ActiveCfg = Release|Any CPU
		{026B481D-A544-4227-88A0-8FFB8D6AEA72}.Release|x86.Build.0 = Release|Any CPU
		{FD1A4426-7EE2-4205-B462-5E109C449B30}.Debug|Any CPU.ActiveCfg = Debug|Any CPU
		{FD1A4426-7EE2-4205-B462-5E109C449B30}.Debug|Any CPU.Build.0 = Debug|Any CPU
		{FD1A4426-7EE2-4205-B462-5E109C449B30}.Debug|x64.ActiveCfg = Debug|Any CPU
		{FD1A4426-7EE2-4205-B462-5E109C449B30}.Debug|x64.Build.0 = Debug|Any CPU
		{FD1A4426-7EE2-4205-B462-5E109C449B30}.Debug|x86.ActiveCfg = Debug|Any CPU
		{FD1A4426-7EE2-4205-B462-5E109C449B30}.Debug|x86.Build.0 = Debug|Any CPU
		{FD1A4426-7EE2-4205-B462-5E109C449B30}.Release|Any CPU.ActiveCfg = Release|Any CPU
		{FD1A4426-7EE2-4205-B462-5E109C449B30}.Release|Any CPU.Build.0 = Release|Any CPU
		{FD1A4426-7EE2-4205-B462-5E109C449B30}.Release|x64.ActiveCfg = Release|Any CPU
		{FD1A4426-7EE2-4205-B462-5E109C449B30}.Release|x64.Build.0 = Release|Any CPU
		{FD1A4426-7EE2-4205-B462-5E109C449B30}.Release|x86.ActiveCfg = Release|Any CPU
		{FD1A4426-7EE2-4205-B462-5E109C449B30}.Release|x86.Build.0 = Release|Any CPU
	EndGlobalSection
EndGlobal
